// !$*UTF8*$!
{
	archiveVersion = 1;
	classes = {
	};
	objectVersion = 56;
	objects = {

/* Begin PBXBuildFile section */
		6D0B126B2C98EEDA007E7885 /* LandmarksApp.swift in Sources */ = {isa = PBXBuildFile; fileRef = 6D0B126A2C98EEDA007E7885 /* LandmarksApp.swift */; };
		6D0B126D2C98EEDA007E7885 /* ContentView.swift in Sources */ = {isa = PBXBuildFile; fileRef = 6D0B126C2C98EEDA007E7885 /* ContentView.swift */; };
		6D0B126F2C98EEDB007E7885 /* Assets.xcassets in Resources */ = {isa = PBXBuildFile; fileRef = 6D0B126E2C98EEDB007E7885 /* Assets.xcassets */; };
		6D0B12722C98EEDB007E7885 /* Preview Assets.xcassets in Resources */ = {isa = PBXBuildFile; fileRef = 6D0B12712C98EEDB007E7885 /* Preview Assets.xcassets */; };
		6D0B12792C98F304007E7885 /* CircleImage.swift in Sources */ = {isa = PBXBuildFile; fileRef = 6D0B12782C98F304007E7885 /* CircleImage.swift */; };
		6D0B127B2C98F3C1007E7885 /* MapView.swift in Sources */ = {isa = PBXBuildFile; fileRef = 6D0B127A2C98F3C1007E7885 /* MapView.swift */; };
		6D0B127D2C98F9EE007E7885 /* landmarkData.json in Resources */ = {isa = PBXBuildFile; fileRef = 6D0B127C2C98F9EE007E7885 /* landmarkData.json */; };
		6D0B127F2C98FA0B007E7885 /* Landmark.swift in Sources */ = {isa = PBXBuildFile; fileRef = 6D0B127E2C98FA0B007E7885 /* Landmark.swift */; };
		6D0B12812C98FB22007E7885 /* ModelData.swift in Sources */ = {isa = PBXBuildFile; fileRef = 6D0B12802C98FB22007E7885 /* ModelData.swift */; };
		6D0B12862C98FC5D007E7885 /* LandmarkRow.swift in Sources */ = {isa = PBXBuildFile; fileRef = 6D0B12852C98FC5D007E7885 /* LandmarkRow.swift */; };
		6D1211CE2C9B4446000FC9DF /* FavoriteButton.swift in Sources */ = {isa = PBXBuildFile; fileRef = 6D1211CD2C9B4446000FC9DF /* FavoriteButton.swift */; };
		6D45EBE72CA70F2500F218AD /* BadgeSymbol.swift in Sources */ = {isa = PBXBuildFile; fileRef = 6D45EBE62CA70F2500F218AD /* BadgeSymbol.swift */; };
		6D45EBE92CA70FE800F218AD /* RotatedBadgeSymbol.swift in Sources */ = {isa = PBXBuildFile; fileRef = 6D45EBE82CA70FE800F218AD /* RotatedBadgeSymbol.swift */; };
		6D45EBEB2CA7101300F218AD /* Badge.swift in Sources */ = {isa = PBXBuildFile; fileRef = 6D45EBEA2CA7101300F218AD /* Badge.swift */; };
		6D45EBEE2CA7132F00F218AD /* hikeData.json in Resources */ = {isa = PBXBuildFile; fileRef = 6D45EBED2CA7132F00F218AD /* hikeData.json */; };
		6D45EBF02CA7138000F218AD /* Hike.swift in Sources */ = {isa = PBXBuildFile; fileRef = 6D45EBEF2CA7138000F218AD /* Hike.swift */; };
		6D45EBF62CA713F200F218AD /* GraphCapsule.swift in Sources */ = {isa = PBXBuildFile; fileRef = 6D45EBF12CA713F200F218AD /* GraphCapsule.swift */; };
		6D45EBF72CA713F200F218AD /* HikeDetail.swift in Sources */ = {isa = PBXBuildFile; fileRef = 6D45EBF22CA713F200F218AD /* HikeDetail.swift */; };
		6D45EBF82CA713F200F218AD /* HikeGraph.swift in Sources */ = {isa = PBXBuildFile; fileRef = 6D45EBF32CA713F200F218AD /* HikeGraph.swift */; };
		6D45EBF92CA713F200F218AD /* HikeView.swift in Sources */ = {isa = PBXBuildFile; fileRef = 6D45EBF42CA713F200F218AD /* HikeView.swift */; };
		6D535E8D2C9B4B5900E51332 /* HexagonParameters.swift in Sources */ = {isa = PBXBuildFile; fileRef = 6D535E8C2C9B4B5900E51332 /* HexagonParameters.swift */; };
		6D535E8F2C9B4C2900E51332 /* BadgeBackground.swift in Sources */ = {isa = PBXBuildFile; fileRef = 6D535E8E2C9B4C2900E51332 /* BadgeBackground.swift */; };
		6DC7F4822C98FE1400EA68BD /* LandmarkList.swift in Sources */ = {isa = PBXBuildFile; fileRef = 6DC7F4812C98FE1400EA68BD /* LandmarkList.swift */; };
		6DC7F4842C9900DF00EA68BD /* LandmarkDetail.swift in Sources */ = {isa = PBXBuildFile; fileRef = 6DC7F4832C9900DF00EA68BD /* LandmarkDetail.swift */; };
/* End PBXBuildFile section */

/* Begin PBXFileReference section */
		6D0B12672C98EEDA007E7885 /* Landmarks.app */ = {isa = PBXFileReference; explicitFileType = wrapper.application; includeInIndex = 0; path = Landmarks.app; sourceTree = BUILT_PRODUCTS_DIR; };
		6D0B126A2C98EEDA007E7885 /* LandmarksApp.swift */ = {isa = PBXFileReference; lastKnownFileType = sourcecode.swift; path = LandmarksApp.swift; sourceTree = "<group>"; };
		6D0B126C2C98EEDA007E7885 /* ContentView.swift */ = {isa = PBXFileReference; lastKnownFileType = sourcecode.swift; path = ContentView.swift; sourceTree = "<group>"; };
		6D0B126E2C98EEDB007E7885 /* Assets.xcassets */ = {isa = PBXFileReference; lastKnownFileType = folder.assetcatalog; path = Assets.xcassets; sourceTree = "<group>"; };
		6D0B12712C98EEDB007E7885 /* Preview Assets.xcassets */ = {isa = PBXFileReference; lastKnownFileType = folder.assetcatalog; path = "Preview Assets.xcassets"; sourceTree = "<group>"; };
		6D0B12782C98F304007E7885 /* CircleImage.swift */ = {isa = PBXFileReference; lastKnownFileType = sourcecode.swift; path = CircleImage.swift; sourceTree = "<group>"; };
		6D0B127A2C98F3C1007E7885 /* MapView.swift */ = {isa = PBXFileReference; lastKnownFileType = sourcecode.swift; path = MapView.swift; sourceTree = "<group>"; };
		6D0B127C2C98F9EE007E7885 /* landmarkData.json */ = {isa = PBXFileReference; fileEncoding = 4; lastKnownFileType = text.json; path = landmarkData.json; sourceTree = "<group>"; };
		6D0B127E2C98FA0B007E7885 /* Landmark.swift */ = {isa = PBXFileReference; lastKnownFileType = sourcecode.swift; path = Landmark.swift; sourceTree = "<group>"; };
		6D0B12802C98FB22007E7885 /* ModelData.swift */ = {isa = PBXFileReference; lastKnownFileType = sourcecode.swift; path = ModelData.swift; sourceTree = "<group>"; };
		6D0B12852C98FC5D007E7885 /* LandmarkRow.swift */ = {isa = PBXFileReference; lastKnownFileType = sourcecode.swift; path = LandmarkRow.swift; sourceTree = "<group>"; };
		6D1211CD2C9B4446000FC9DF /* FavoriteButton.swift */ = {isa = PBXFileReference; lastKnownFileType = sourcecode.swift; path = FavoriteButton.swift; sourceTree = "<group>"; };
		6D45EBE62CA70F2500F218AD /* BadgeSymbol.swift */ = {isa = PBXFileReference; lastKnownFileType = sourcecode.swift; path = BadgeSymbol.swift; sourceTree = "<group>"; };
		6D45EBE82CA70FE800F218AD /* RotatedBadgeSymbol.swift */ = {isa = PBXFileReference; lastKnownFileType = sourcecode.swift; path = RotatedBadgeSymbol.swift; sourceTree = "<group>"; };
		6D45EBEA2CA7101300F218AD /* Badge.swift */ = {isa = PBXFileReference; lastKnownFileType = sourcecode.swift; path = Badge.swift; sourceTree = "<group>"; };
		6D45EBED2CA7132F00F218AD /* hikeData.json */ = {isa = PBXFileReference; fileEncoding = 4; lastKnownFileType = text.json; path = hikeData.json; sourceTree = "<group>"; };
		6D45EBEF2CA7138000F218AD /* Hike.swift */ = {isa = PBXFileReference; lastKnownFileType = sourcecode.swift; path = Hike.swift; sourceTree = "<group>"; };
		6D45EBF12CA713F200F218AD /* GraphCapsule.swift */ = {isa = PBXFileReference; fileEncoding = 4; lastKnownFileType = sourcecode.swift; path = GraphCapsule.swift; sourceTree = "<group>"; };
		6D45EBF22CA713F200F218AD /* HikeDetail.swift */ = {isa = PBXFileReference; fileEncoding = 4; lastKnownFileType = sourcecode.swift; path = HikeDetail.swift; sourceTree = "<group>"; };
		6D45EBF32CA713F200F218AD /* HikeGraph.swift */ = {isa = PBXFileReference; fileEncoding = 4; lastKnownFileType = sourcecode.swift; path = HikeGraph.swift; sourceTree = "<group>"; };
		6D45EBF42CA713F200F218AD /* HikeView.swift */ = {isa = PBXFileReference; fileEncoding = 4; lastKnownFileType = sourcecode.swift; path = HikeView.swift; sourceTree = "<group>"; };
		6D535E8C2C9B4B5900E51332 /* HexagonParameters.swift */ = {isa = PBXFileReference; lastKnownFileType = sourcecode.swift; path = HexagonParameters.swift; sourceTree = "<group>"; };
		6D535E8E2C9B4C2900E51332 /* BadgeBackground.swift */ = {isa = PBXFileReference; lastKnownFileType = sourcecode.swift; path = BadgeBackground.swift; sourceTree = "<group>"; };
		6DC7F4812C98FE1400EA68BD /* LandmarkList.swift */ = {isa = PBXFileReference; lastKnownFileType = sourcecode.swift; path = LandmarkList.swift; sourceTree = "<group>"; };
		6DC7F4832C9900DF00EA68BD /* LandmarkDetail.swift */ = {isa = PBXFileReference; lastKnownFileType = sourcecode.swift; path = LandmarkDetail.swift; sourceTree = "<group>"; };
/* End PBXFileReference section */

/* Begin PBXFrameworksBuildPhase section */
		6D0B12642C98EEDA007E7885 /* Frameworks */ = {
			isa = PBXFrameworksBuildPhase;
			buildActionMask = 2147483647;
			files = (
			);
			runOnlyForDeploymentPostprocessing = 0;
		};
/* End PBXFrameworksBuildPhase section */

/* Begin PBXGroup section */
		6D0B125E2C98EEDA007E7885 = {
			isa = PBXGroup;
			children = (
				6D0B12692C98EEDA007E7885 /* Landmarks */,
				6D0B12682C98EEDA007E7885 /* Products */,
			);
			sourceTree = "<group>";
		};
		6D0B12682C98EEDA007E7885 /* Products */ = {
			isa = PBXGroup;
			children = (
				6D0B12672C98EEDA007E7885 /* Landmarks.app */,
			);
			name = Products;
			sourceTree = "<group>";
		};
		6D0B12692C98EEDA007E7885 /* Landmarks */ = {
			isa = PBXGroup;
			children = (
				6D0B12832C98FBF7007E7885 /* Model */,
				6D0B12822C98FBE6007E7885 /* Views */,
				6D0B12842C98FC06007E7885 /* Resources */,
				6D0B126A2C98EEDA007E7885 /* LandmarksApp.swift */,
				6D0B126E2C98EEDB007E7885 /* Assets.xcassets */,
				6D0B12702C98EEDB007E7885 /* Preview Content */,
			);
			path = Landmarks;
			sourceTree = "<group>";
		};
		6D0B12702C98EEDB007E7885 /* Preview Content */ = {
			isa = PBXGroup;
			children = (
				6D0B12712C98EEDB007E7885 /* Preview Assets.xcassets */,
			);
			path = "Preview Content";
			sourceTree = "<group>";
		};
		6D0B12822C98FBE6007E7885 /* Views */ = {
			isa = PBXGroup;
			children = (
				6D0B126C2C98EEDA007E7885 /* ContentView.swift */,
				6D45EBF52CA713F200F218AD /* Hikes */,
				6D45EBEC2CA7106F00F218AD /* Badges */,
				6D1211D02C9B44E4000FC9DF /* Landmarks */,
				6D1211CF2C9B44CD000FC9DF /* Helper */,
			);
			path = Views;
			sourceTree = "<group>";
		};
		6D0B12832C98FBF7007E7885 /* Model */ = {
			isa = PBXGroup;
			children = (
				6D0B127E2C98FA0B007E7885 /* Landmark.swift */,
				6D45EBEF2CA7138000F218AD /* Hike.swift */,
				6D0B12802C98FB22007E7885 /* ModelData.swift */,
			);
			path = Model;
			sourceTree = "<group>";
		};
		6D0B12842C98FC06007E7885 /* Resources */ = {
			isa = PBXGroup;
			children = (
				6D45EBED2CA7132F00F218AD /* hikeData.json */,
				6D0B127C2C98F9EE007E7885 /* landmarkData.json */,
			);
			path = Resources;
			sourceTree = "<group>";
		};
		6D1211CF2C9B44CD000FC9DF /* Helper */ = {
			isa = PBXGroup;
			children = (
				6D1211CD2C9B4446000FC9DF /* FavoriteButton.swift */,
				6D0B12782C98F304007E7885 /* CircleImage.swift */,
				6D0B127A2C98F3C1007E7885 /* MapView.swift */,
			);
			path = Helper;
			sourceTree = "<group>";
		};
		6D1211D02C9B44E4000FC9DF /* Landmarks */ = {
			isa = PBXGroup;
			children = (
				6D0B12852C98FC5D007E7885 /* LandmarkRow.swift */,
				6DC7F4812C98FE1400EA68BD /* LandmarkList.swift */,
				6DC7F4832C9900DF00EA68BD /* LandmarkDetail.swift */,
			);
			path = Landmarks;
			sourceTree = "<group>";
		};
		6D45EBEC2CA7106F00F218AD /* Badges */ = {
			isa = PBXGroup;
			children = (
				6D45EBE62CA70F2500F218AD /* BadgeSymbol.swift */,
				6D45EBE82CA70FE800F218AD /* RotatedBadgeSymbol.swift */,
				6D45EBEA2CA7101300F218AD /* Badge.swift */,
				6D535E8C2C9B4B5900E51332 /* HexagonParameters.swift */,
				6D535E8E2C9B4C2900E51332 /* BadgeBackground.swift */,
			);
			path = Badges;
			sourceTree = "<group>";
		};
		6D45EBF52CA713F200F218AD /* Hikes */ = {
			isa = PBXGroup;
			children = (
				6D45EBF12CA713F200F218AD /* GraphCapsule.swift */,
				6D45EBF22CA713F200F218AD /* HikeDetail.swift */,
				6D45EBF32CA713F200F218AD /* HikeGraph.swift */,
				6D45EBF42CA713F200F218AD /* HikeView.swift */,
			);
			path = Hikes;
			sourceTree = "<group>";
		};
/* End PBXGroup section */

/* Begin PBXNativeTarget section */
		6D0B12662C98EEDA007E7885 /* Landmarks */ = {
			isa = PBXNativeTarget;
			buildConfigurationList = 6D0B12752C98EEDB007E7885 /* Build configuration list for PBXNativeTarget "Landmarks" */;
			buildPhases = (
				6D0B12632C98EEDA007E7885 /* Sources */,
				6D0B12642C98EEDA007E7885 /* Frameworks */,
				6D0B12652C98EEDA007E7885 /* Resources */,
			);
			buildRules = (
			);
			dependencies = (
			);
			name = Landmarks;
			productName = Landmarks;
			productReference = 6D0B12672C98EEDA007E7885 /* Landmarks.app */;
			productType = "com.apple.product-type.application";
		};
/* End PBXNativeTarget section */

/* Begin PBXProject section */
		6D0B125F2C98EEDA007E7885 /* Project object */ = {
			isa = PBXProject;
			attributes = {
				BuildIndependentTargetsInParallel = 1;
				LastSwiftUpdateCheck = 1530;
				LastUpgradeCheck = 1530;
				TargetAttributes = {
					6D0B12662C98EEDA007E7885 = {
						CreatedOnToolsVersion = 15.3;
					};
				};
			};
			buildConfigurationList = 6D0B12622C98EEDA007E7885 /* Build configuration list for PBXProject "Landmarks" */;
			compatibilityVersion = "Xcode 14.0";
			developmentRegion = en;
			hasScannedForEncodings = 0;
			knownRegions = (
				en,
				Base,
			);
			mainGroup = 6D0B125E2C98EEDA007E7885;
			productRefGroup = 6D0B12682C98EEDA007E7885 /* Products */;
			projectDirPath = "";
			projectRoot = "";
			targets = (
				6D0B12662C98EEDA007E7885 /* Landmarks */,
			);
		};
/* End PBXProject section */

/* Begin PBXResourcesBuildPhase section */
		6D0B12652C98EEDA007E7885 /* Resources */ = {
			isa = PBXResourcesBuildPhase;
			buildActionMask = 2147483647;
			files = (
				6D45EBEE2CA7132F00F218AD /* hikeData.json in Resources */,
				6D0B12722C98EEDB007E7885 /* Preview Assets.xcassets in Resources */,
				6D0B126F2C98EEDB007E7885 /* Assets.xcassets in Resources */,
				6D0B127D2C98F9EE007E7885 /* landmarkData.json in Resources */,
			);
			runOnlyForDeploymentPostprocessing = 0;
		};
/* End PBXResourcesBuildPhase section */

/* Begin PBXSourcesBuildPhase section */
		6D0B12632C98EEDA007E7885 /* Sources */ = {
			isa = PBXSourcesBuildPhase;
			buildActionMask = 2147483647;
			files = (
				6D0B126D2C98EEDA007E7885 /* ContentView.swift in Sources */,
				6D45EBEB2CA7101300F218AD /* Badge.swift in Sources */,
				6D0B127B2C98F3C1007E7885 /* MapView.swift in Sources */,
				6D45EBF62CA713F200F218AD /* GraphCapsule.swift in Sources */,
				6D45EBF82CA713F200F218AD /* HikeGraph.swift in Sources */,
				6D0B126B2C98EEDA007E7885 /* LandmarksApp.swift in Sources */,
				6D1211CE2C9B4446000FC9DF /* FavoriteButton.swift in Sources */,
				6D535E8D2C9B4B5900E51332 /* HexagonParameters.swift in Sources */,
				6D45EBF02CA7138000F218AD /* Hike.swift in Sources */,
				6D45EBE92CA70FE800F218AD /* RotatedBadgeSymbol.swift in Sources */,
				6D45EBE72CA70F2500F218AD /* BadgeSymbol.swift in Sources */,
				6D0B12792C98F304007E7885 /* CircleImage.swift in Sources */,
				6D45EBF72CA713F200F218AD /* HikeDetail.swift in Sources */,
				6D45EBF92CA713F200F218AD /* HikeView.swift in Sources */,
				6DC7F4842C9900DF00EA68BD /* LandmarkDetail.swift in Sources */,
				6D535E8F2C9B4C2900E51332 /* BadgeBackground.swift in Sources */,
				6D0B127F2C98FA0B007E7885 /* Landmark.swift in Sources */,
				6D0B12862C98FC5D007E7885 /* LandmarkRow.swift in Sources */,
				6D0B12812C98FB22007E7885 /* ModelData.swift in Sources */,
				6DC7F4822C98FE1400EA68BD /* LandmarkList.swift in Sources */,
			);
			runOnlyForDeploymentPostprocessing = 0;
		};
/* End PBXSourcesBuildPhase section */

/* Begin XCBuildConfiguration section */
		6D0B12732C98EEDB007E7885 /* Debug */ = {
			isa = XCBuildConfiguration;
			buildSettings = {
				ALWAYS_SEARCH_USER_PATHS = NO;
				ASSETCATALOG_COMPILER_GENERATE_SWIFT_ASSET_SYMBOL_EXTENSIONS = YES;
				CLANG_ANALYZER_NONNULL = YES;
				CLANG_ANALYZER_NUMBER_OBJECT_CONVERSION = YES_AGGRESSIVE;
				CLANG_CXX_LANGUAGE_STANDARD = "gnu++20";
				CLANG_ENABLE_MODULES = YES;
				CLANG_ENABLE_OBJC_ARC = YES;
				CLANG_ENABLE_OBJC_WEAK = YES;
				CLANG_WARN_BLOCK_CAPTURE_AUTORELEASING = YES;
				CLANG_WARN_BOOL_CONVERSION = YES;
				CLANG_WARN_COMMA = YES;
				CLANG_WARN_CONSTANT_CONVERSION = YES;
				CLANG_WARN_DEPRECATED_OBJC_IMPLEMENTATIONS = YES;
				CLANG_WARN_DIRECT_OBJC_ISA_USAGE = YES_ERROR;
				CLANG_WARN_DOCUMENTATION_COMMENTS = YES;
				CLANG_WARN_EMPTY_BODY = YES;
				CLANG_WARN_ENUM_CONVERSION = YES;
				CLANG_WARN_INFINITE_RECURSION = YES;
				CLANG_WARN_INT_CONVERSION = YES;
				CLANG_WARN_NON_LITERAL_NULL_CONVERSION = YES;
				CLANG_WARN_OBJC_IMPLICIT_RETAIN_SELF = YES;
				CLANG_WARN_OBJC_LITERAL_CONVERSION = YES;
				CLANG_WARN_OBJC_ROOT_CLASS = YES_ERROR;
				CLANG_WARN_QUOTED_INCLUDE_IN_FRAMEWORK_HEADER = YES;
				CLANG_WARN_RANGE_LOOP_ANALYSIS = YES;
				CLANG_WARN_STRICT_PROTOTYPES = YES;
				CLANG_WARN_SUSPICIOUS_MOVE = YES;
				CLANG_WARN_UNGUARDED_AVAILABILITY = YES_AGGRESSIVE;
				CLANG_WARN_UNREACHABLE_CODE = YES;
				CLANG_WARN__DUPLICATE_METHOD_MATCH = YES;
				COPY_PHASE_STRIP = NO;
				DEBUG_INFORMATION_FORMAT = dwarf;
				ENABLE_STRICT_OBJC_MSGSEND = YES;
				ENABLE_TESTABILITY = YES;
				ENABLE_USER_SCRIPT_SANDBOXING = YES;
				GCC_C_LANGUAGE_STANDARD = gnu17;
				GCC_DYNAMIC_NO_PIC = NO;
				GCC_NO_COMMON_BLOCKS = YES;
				GCC_OPTIMIZATION_LEVEL = 0;
				GCC_PREPROCESSOR_DEFINITIONS = (
					"DEBUG=1",
					"$(inherited)",
				);
				GCC_WARN_64_TO_32_BIT_CONVERSION = YES;
				GCC_WARN_ABOUT_RETURN_TYPE = YES_ERROR;
				GCC_WARN_UNDECLARED_SELECTOR = YES;
				GCC_WARN_UNINITIALIZED_AUTOS = YES_AGGRESSIVE;
				GCC_WARN_UNUSED_FUNCTION = YES;
				GCC_WARN_UNUSED_VARIABLE = YES;
				IPHONEOS_DEPLOYMENT_TARGET = 17.4;
				LOCALIZATION_PREFERS_STRING_CATALOGS = YES;
				MTL_ENABLE_DEBUG_INFO = INCLUDE_SOURCE;
				MTL_FAST_MATH = YES;
				ONLY_ACTIVE_ARCH = YES;
				SDKROOT = iphoneos;
				SWIFT_ACTIVE_COMPILATION_CONDITIONS = "DEBUG $(inherited)";
				SWIFT_OPTIMIZATION_LEVEL = "-Onone";
			};
			name = Debug;
		};
		6D0B12742C98EEDB007E7885 /* Release */ = {
			isa = XCBuildConfiguration;
			buildSettings = {
				ALWAYS_SEARCH_USER_PATHS = NO;
				ASSETCATALOG_COMPILER_GENERATE_SWIFT_ASSET_SYMBOL_EXTENSIONS = YES;
				CLANG_ANALYZER_NONNULL = YES;
				CLANG_ANALYZER_NUMBER_OBJECT_CONVERSION = YES_AGGRESSIVE;
				CLANG_CXX_LANGUAGE_STANDARD = "gnu++20";
				CLANG_ENABLE_MODULES = YES;
				CLANG_ENABLE_OBJC_ARC = YES;
				CLANG_ENABLE_OBJC_WEAK = YES;
				CLANG_WARN_BLOCK_CAPTURE_AUTORELEASING = YES;
				CLANG_WARN_BOOL_CONVERSION = YES;
				CLANG_WARN_COMMA = YES;
				CLANG_WARN_CONSTANT_CONVERSION = YES;
				CLANG_WARN_DEPRECATED_OBJC_IMPLEMENTATIONS = YES;
				CLANG_WARN_DIRECT_OBJC_ISA_USAGE = YES_ERROR;
				CLANG_WARN_DOCUMENTATION_COMMENTS = YES;
				CLANG_WARN_EMPTY_BODY = YES;
				CLANG_WARN_ENUM_CONVERSION = YES;
				CLANG_WARN_INFINITE_RECURSION = YES;
				CLANG_WARN_INT_CONVERSION = YES;
				CLANG_WARN_NON_LITERAL_NULL_CONVERSION = YES;
				CLANG_WARN_OBJC_IMPLICIT_RETAIN_SELF = YES;
				CLANG_WARN_OBJC_LITERAL_CONVERSION = YES;
				CLANG_WARN_OBJC_ROOT_CLASS = YES_ERROR;
				CLANG_WARN_QUOTED_INCLUDE_IN_FRAMEWORK_HEADER = YES;
				CLANG_WARN_RANGE_LOOP_ANALYSIS = YES;
				CLANG_WARN_STRICT_PROTOTYPES = YES;
				CLANG_WARN_SUSPICIOUS_MOVE = YES;
				CLANG_WARN_UNGUARDED_AVAILABILITY = YES_AGGRESSIVE;
				CLANG_WARN_UNREACHABLE_CODE = YES;
				CLANG_WARN__DUPLICATE_METHOD_MATCH = YES;
				COPY_PHASE_STRIP = NO;
				DEBUG_INFORMATION_FORMAT = "dwarf-with-dsym";
				ENABLE_NS_ASSERTIONS = NO;
				ENABLE_STRICT_OBJC_MSGSEND = YES;
				ENABLE_USER_SCRIPT_SANDBOXING = YES;
				GCC_C_LANGUAGE_STANDARD = gnu17;
				GCC_NO_COMMON_BLOCKS = YES;
				GCC_WARN_64_TO_32_BIT_CONVERSION = YES;
				GCC_WARN_ABOUT_RETURN_TYPE = YES_ERROR;
				GCC_WARN_UNDECLARED_SELECTOR = YES;
				GCC_WARN_UNINITIALIZED_AUTOS = YES_AGGRESSIVE;
				GCC_WARN_UNUSED_FUNCTION = YES;
				GCC_WARN_UNUSED_VARIABLE = YES;
				IPHONEOS_DEPLOYMENT_TARGET = 17.4;
				LOCALIZATION_PREFERS_STRING_CATALOGS = YES;
				MTL_ENABLE_DEBUG_INFO = NO;
				MTL_FAST_MATH = YES;
				SDKROOT = iphoneos;
				SWIFT_COMPILATION_MODE = wholemodule;
				VALIDATE_PRODUCT = YES;
			};
			name = Release;
		};
		6D0B12762C98EEDB007E7885 /* Debug */ = {
			isa = XCBuildConfiguration;
			buildSettings = {
				ASSETCATALOG_COMPILER_APPICON_NAME = AppIcon;
				ASSETCATALOG_COMPILER_GLOBAL_ACCENT_COLOR_NAME = AccentColor;
				CODE_SIGN_STYLE = Automatic;
				CURRENT_PROJECT_VERSION = 1;
				DEVELOPMENT_ASSET_PATHS = "\"Landmarks/Preview Content\"";
				DEVELOPMENT_TEAM = 2HS2547AFS;
				ENABLE_PREVIEWS = YES;
				GENERATE_INFOPLIST_FILE = YES;
				INFOPLIST_KEY_UIApplicationSceneManifest_Generation = YES;
				INFOPLIST_KEY_UIApplicationSupportsIndirectInputEvents = YES;
				INFOPLIST_KEY_UILaunchScreen_Generation = YES;
				INFOPLIST_KEY_UISupportedInterfaceOrientations_iPad = "UIInterfaceOrientationPortrait UIInterfaceOrientationPortraitUpsideDown UIInterfaceOrientationLandscapeLeft UIInterfaceOrientationLandscapeRight";
				INFOPLIST_KEY_UISupportedInterfaceOrientations_iPhone = "UIInterfaceOrientationPortrait UIInterfaceOrientationLandscapeLeft UIInterfaceOrientationLandscapeRight";
				LD_RUNPATH_SEARCH_PATHS = (
					"$(inherited)",
					"@executable_path/Frameworks",
				);
				MARKETING_VERSION = 1.0;
				PRODUCT_BUNDLE_IDENTIFIER = br.com.victorfeitosa.Landmarks;
				PRODUCT_NAME = "$(TARGET_NAME)";
				SWIFT_EMIT_LOC_STRINGS = YES;
				SWIFT_VERSION = 5.0;
				TARGETED_DEVICE_FAMILY = "1,2";
			};
			name = Debug;
		};
		6D0B12772C98EEDB007E7885 /* Release */ = {
			isa = XCBuildConfiguration;
			buildSettings = {
				ASSETCATALOG_COMPILER_APPICON_NAME = AppIcon;
				ASSETCATALOG_COMPILER_GLOBAL_ACCENT_COLOR_NAME = AccentColor;
				CODE_SIGN_STYLE = Automatic;
				CURRENT_PROJECT_VERSION = 1;
				DEVELOPMENT_ASSET_PATHS = "\"Landmarks/Preview Content\"";
				DEVELOPMENT_TEAM = 2HS2547AFS;
				ENABLE_PREVIEWS = YES;
				GENERATE_INFOPLIST_FILE = YES;
				INFOPLIST_KEY_UIApplicationSceneManifest_Generation = YES;
				INFOPLIST_KEY_UIApplicationSupportsIndirectInputEvents = YES;
				INFOPLIST_KEY_UILaunchScreen_Generation = YES;
				INFOPLIST_KEY_UISupportedInterfaceOrientations_iPad = "UIInterfaceOrientationPortrait UIInterfaceOrientationPortraitUpsideDown UIInterfaceOrientationLandscapeLeft UIInterfaceOrientationLandscapeRight";
				INFOPLIST_KEY_UISupportedInterfaceOrientations_iPhone = "UIInterfaceOrientationPortrait UIInterfaceOrientationLandscapeLeft UIInterfaceOrientationLandscapeRight";
				LD_RUNPATH_SEARCH_PATHS = (
					"$(inherited)",
					"@executable_path/Frameworks",
				);
				MARKETING_VERSION = 1.0;
				PRODUCT_BUNDLE_IDENTIFIER = br.com.victorfeitosa.Landmarks;
				PRODUCT_NAME = "$(TARGET_NAME)";
				SWIFT_EMIT_LOC_STRINGS = YES;
				SWIFT_VERSION = 5.0;
				TARGETED_DEVICE_FAMILY = "1,2";
			};
			name = Release;
		};
/* End XCBuildConfiguration section */

/* Begin XCConfigurationList section */
		6D0B12622C98EEDA007E7885 /* Build configuration list for PBXProject "Landmarks" */ = {
			isa = XCConfigurationList;
			buildConfigurations = (
				6D0B12732C98EEDB007E7885 /* Debug */,
				6D0B12742C98EEDB007E7885 /* Release */,
			);
			defaultConfigurationIsVisible = 0;
			defaultConfigurationName = Release;
		};
		6D0B12752C98EEDB007E7885 /* Build configuration list for PBXNativeTarget "Landmarks" */ = {
			isa = XCConfigurationList;
			buildConfigurations = (
				6D0B12762C98EEDB007E7885 /* Debug */,
				6D0B12772C98EEDB007E7885 /* Release */,
			);
			defaultConfigurationIsVisible = 0;
			defaultConfigurationName = Release;
		};
/* End XCConfigurationList section */
	};
	rootObject = 6D0B125F2C98EEDA007E7885 /* Project object */;
}
